
Microsoft Visual Studio Solution File, Format Version 12.00
# Visual Studio Version 17
VisualStudioVersion = 17.5.002.0
MinimumVisualStudioVersion = 10.0.40219.1
Project("{9A19103F-16F7-4668-BE54-9A1E7A4F7556}") = "TransactionBank", "TransactionBank.csproj", "{18E213DD-C334-4A04-A384-FF5124A70B68}"
EndProject
Global
	GlobalSection(SolutionConfigurationPlatforms) = preSolution
		Debug|Any CPU = Debug|Any CPU
		Release|Any CPU = Release|Any CPU
	EndGlobalSection
	GlobalSection(ProjectConfigurationPlatforms) = postSolution
		{18E213DD-C334-4A04-A384-FF5124A70B68}.Debug|Any CPU.ActiveCfg = Debug|Any CPU
		{18E213DD-C334-4A04-A384-FF5124A70B68}.Debug|Any CPU.Build.0 = Debug|Any CPU
		{18E213DD-C334-4A04-A384-FF5124A70B68}.Release|Any CPU.ActiveCfg = Release|Any CPU
		{18E213DD-C334-4A04-A384-FF5124A70B68}.Release|Any CPU.Build.0 = Release|Any CPU
	EndGlobalSection
	GlobalSection(SolutionProperties) = preSolution
		HideSolutionNode = FALSE
	EndGlobalSection
	GlobalSection(ExtensibilityGlobals) = postSolution
		SolutionGuid = {77EA6D93-7CE5-4F07-B8E5-8138E86D434E}
	EndGlobalSection
EndGlobal
